
Microsoft Visual Studio Solution File, Format Version 12.00
# Visual Studio Version 16
VisualStudioVersion = 16.0.31321.278
MinimumVisualStudioVersion = 10.0.40219.1
Project("{9A19103F-16F7-4668-BE54-9A1E7A4F7556}") = "SshNet.Agent", "SshNet.Agent\SshNet.Agent.csproj", "{8ACFB7DB-DE72-4641-A218-8329DD6874A1}"
EndProject
Project("{9A19103F-16F7-4668-BE54-9A1E7A4F7556}") = "SshNet.Agent.Sample", "SshNet.Agent.Sample\SshNet.Agent.Sample.csproj", "{14525E8A-B1FB-46E9-93E0-20BEE9C8CADD}"
EndProject
Project("{9A19103F-16F7-4668-BE54-9A1E7A4F7556}") = "Renci.SshNet", "SSH.NET\src\Renci.SshNet\Renci.SshNet.csproj", "{DB150C7A-030D-4640-BFCA-87745956F642}"
EndProject
Project("{FAE04EC0-301F-11D3-BF4B-00C04F79EFBC}") = "SshNet.Agent.xUnit", "SshNet.Agent.xUnit\SshNet.Agent.xUnit.csproj", "{AFD75457-6A26-499C-A955-62F927FFC056}"
EndProject
Global
	GlobalSection(SolutionConfigurationPlatforms) = preSolution
		Debug|Any CPU = Debug|Any CPU
		Release|Any CPU = Release|Any CPU
	EndGlobalSection
	GlobalSection(ProjectConfigurationPlatforms) = postSolution
		{8ACFB7DB-DE72-4641-A218-8329DD6874A1}.Debug|Any CPU.ActiveCfg = Debug|Any CPU
		{8ACFB7DB-DE72-4641-A218-8329DD6874A1}.Debug|Any CPU.Build.0 = Debug|Any CPU
		{8ACFB7DB-DE72-4641-A218-8329DD6874A1}.Release|Any CPU.ActiveCfg = Release|Any CPU
		{8ACFB7DB-DE72-4641-A218-8329DD6874A1}.Release|Any CPU.Build.0 = Release|Any CPU
		{14525E8A-B1FB-46E9-93E0-20BEE9C8CADD}.Debug|Any CPU.ActiveCfg = Debug|Any CPU
		{14525E8A-B1FB-46E9-93E0-20BEE9C8CADD}.Debug|Any CPU.Build.0 = Debug|Any CPU
		{14525E8A-B1FB-46E9-93E0-20BEE9C8CADD}.Release|Any CPU.ActiveCfg = Release|Any CPU
		{14525E8A-B1FB-46E9-93E0-20BEE9C8CADD}.Release|Any CPU.Build.0 = Release|Any CPU
		{DB150C7A-030D-4640-BFCA-87745956F642}.Debug|Any CPU.ActiveCfg = Debug|Any CPU
		{DB150C7A-030D-4640-BFCA-87745956F642}.Debug|Any CPU.Build.0 = Debug|Any CPU
		{DB150C7A-030D-4640-BFCA-87745956F642}.Release|Any CPU.ActiveCfg = Release|Any CPU
		{DB150C7A-030D-4640-BFCA-87745956F642}.Release|Any CPU.Build.0 = Release|Any CPU
		{AFD75457-6A26-499C-A955-62F927FFC056}.Debug|Any CPU.ActiveCfg = Debug|Any CPU
		{AFD75457-6A26-499C-A955-62F927FFC056}.Debug|Any CPU.Build.0 = Debug|Any CPU
		{AFD75457-6A26-499C-A955-62F927FFC056}.Release|Any CPU.ActiveCfg = Release|Any CPU
		{AFD75457-6A26-499C-A955-62F927FFC056}.Release|Any CPU.Build.0 = Release|Any CPU
	EndGlobalSection
	GlobalSection(SolutionProperties) = preSolution
		HideSolutionNode = FALSE
	EndGlobalSection
	GlobalSection(ExtensibilityGlobals) = postSolution
		SolutionGuid = {EA45E403-5D62-43DA-80DF-3E5E5FA33C93}
	EndGlobalSection
EndGlobal
